
Microsoft Visual Studio Solution File, Format Version 12.00
# Visual Studio Version 16
VisualStudioVersion = 16.0.31105.61
MinimumVisualStudioVersion = 10.0.40219.1
Project("{FAE04EC0-301F-11D3-BF4B-00C04F79EFBC}") = "firstProject", "firstProject\firstProject.csproj", "{0D750116-D0B7-43A5-BA92-5DE45BB528BE}"
EndProject
Global
	GlobalSection(SolutionConfigurationPlatforms) = preSolution
		Debug|Any CPU = Debug|Any CPU
		Release|Any CPU = Release|Any CPU
	EndGlobalSection
	GlobalSection(ProjectConfigurationPlatforms) = postSolution
		{0D750116-D0B7-43A5-BA92-5DE45BB528BE}.Debug|Any CPU.ActiveCfg = Debug|Any CPU
		{0D750116-D0B7-43A5-BA92-5DE45BB528BE}.Debug|Any CPU.Build.0 = Debug|Any CPU
		{0D750116-D0B7-43A5-BA92-5DE45BB528BE}.Release|Any CPU.ActiveCfg = Release|Any CPU
		{0D750116-D0B7-43A5-BA92-5DE45BB528BE}.Release|Any CPU.Build.0 = Release|Any CPU
	EndGlobalSection
	GlobalSection(SolutionProperties) = preSolution
		HideSolutionNode = FALSE
	EndGlobalSection
	GlobalSection(ExtensibilityGlobals) = postSolution
		SolutionGuid = {51847D58-EAA5-4584-ABDD-EBFF413513E7}
	EndGlobalSection
EndGlobal
