
Microsoft Visual Studio Solution File, Format Version 12.00
# Visual Studio Version 16
VisualStudioVersion = 16.0.31105.61
MinimumVisualStudioVersion = 10.0.40219.1
Project("{FAE04EC0-301F-11D3-BF4B-00C04F79EFBC}") = "project15-enum", "project15-enum\project15-enum.csproj", "{90E1CBAF-528D-4D3B-90A8-F091A8D0BE4B}"
EndProject
Global
	GlobalSection(SolutionConfigurationPlatforms) = preSolution
		Debug|Any CPU = Debug|Any CPU
		Release|Any CPU = Release|Any CPU
	EndGlobalSection
	GlobalSection(ProjectConfigurationPlatforms) = postSolution
		{90E1CBAF-528D-4D3B-90A8-F091A8D0BE4B}.Debug|Any CPU.ActiveCfg = Debug|Any CPU
		{90E1CBAF-528D-4D3B-90A8-F091A8D0BE4B}.Debug|Any CPU.Build.0 = Debug|Any CPU
		{90E1CBAF-528D-4D3B-90A8-F091A8D0BE4B}.Release|Any CPU.ActiveCfg = Release|Any CPU
		{90E1CBAF-528D-4D3B-90A8-F091A8D0BE4B}.Release|Any CPU.Build.0 = Release|Any CPU
	EndGlobalSection
	GlobalSection(SolutionProperties) = preSolution
		HideSolutionNode = FALSE
	EndGlobalSection
	GlobalSection(ExtensibilityGlobals) = postSolution
		SolutionGuid = {BD98D6A2-F494-4DB1-9EAC-AD2B2B10C2E0}
	EndGlobalSection
EndGlobal
