
Microsoft Visual Studio Solution File, Format Version 12.00
# Visual Studio Version 16
VisualStudioVersion = 16.0.31105.61
MinimumVisualStudioVersion = 10.0.40219.1
Project("{FAE04EC0-301F-11D3-BF4B-00C04F79EFBC}") = "project3-countingnumbers", "project3-countingnumbers\project3-countingnumbers.csproj", "{630DE427-AE34-45A5-BB04-860EC089088B}"
EndProject
Global
	GlobalSection(SolutionConfigurationPlatforms) = preSolution
		Debug|Any CPU = Debug|Any CPU
		Release|Any CPU = Release|Any CPU
	EndGlobalSection
	GlobalSection(ProjectConfigurationPlatforms) = postSolution
		{630DE427-AE34-45A5-BB04-860EC089088B}.Debug|Any CPU.ActiveCfg = Debug|Any CPU
		{630DE427-AE34-45A5-BB04-860EC089088B}.Debug|Any CPU.Build.0 = Debug|Any CPU
		{630DE427-AE34-45A5-BB04-860EC089088B}.Release|Any CPU.ActiveCfg = Release|Any CPU
		{630DE427-AE34-45A5-BB04-860EC089088B}.Release|Any CPU.Build.0 = Release|Any CPU
	EndGlobalSection
	GlobalSection(SolutionProperties) = preSolution
		HideSolutionNode = FALSE
	EndGlobalSection
	GlobalSection(ExtensibilityGlobals) = postSolution
		SolutionGuid = {102B8B04-145F-4BA2-BF8A-6EA2C78DFF76}
	EndGlobalSection
EndGlobal
