
Microsoft Visual Studio Solution File, Format Version 12.00
# Visual Studio Version 16
VisualStudioVersion = 16.0.31105.61
MinimumVisualStudioVersion = 10.0.40219.1
Project("{FAE04EC0-301F-11D3-BF4B-00C04F79EFBC}") = "project19-namepath", "project19-namepath\project19-namepath.csproj", "{CC200C64-947D-4CD8-B475-2536B67D21BC}"
EndProject
Global
	GlobalSection(SolutionConfigurationPlatforms) = preSolution
		Debug|Any CPU = Debug|Any CPU
		Release|Any CPU = Release|Any CPU
	EndGlobalSection
	GlobalSection(ProjectConfigurationPlatforms) = postSolution
		{CC200C64-947D-4CD8-B475-2536B67D21BC}.Debug|Any CPU.ActiveCfg = Debug|Any CPU
		{CC200C64-947D-4CD8-B475-2536B67D21BC}.Debug|Any CPU.Build.0 = Debug|Any CPU
		{CC200C64-947D-4CD8-B475-2536B67D21BC}.Release|Any CPU.ActiveCfg = Release|Any CPU
		{CC200C64-947D-4CD8-B475-2536B67D21BC}.Release|Any CPU.Build.0 = Release|Any CPU
	EndGlobalSection
	GlobalSection(SolutionProperties) = preSolution
		HideSolutionNode = FALSE
	EndGlobalSection
	GlobalSection(ExtensibilityGlobals) = postSolution
		SolutionGuid = {AA0EC8C0-223B-41F2-9831-3F5FB6CD09EC}
	EndGlobalSection
EndGlobal
