
Microsoft Visual Studio Solution File, Format Version 12.00
# Visual Studio Version 16
VisualStudioVersion = 16.0.31105.61
MinimumVisualStudioVersion = 10.0.40219.1
Project("{FAE04EC0-301F-11D3-BF4B-00C04F79EFBC}") = "project9", "project9\project9.csproj", "{C0E01D47-016A-4925-8A01-54F2C6449B42}"
EndProject
Global
	GlobalSection(SolutionConfigurationPlatforms) = preSolution
		Debug|Any CPU = Debug|Any CPU
		Release|Any CPU = Release|Any CPU
	EndGlobalSection
	GlobalSection(ProjectConfigurationPlatforms) = postSolution
		{C0E01D47-016A-4925-8A01-54F2C6449B42}.Debug|Any CPU.ActiveCfg = Debug|Any CPU
		{C0E01D47-016A-4925-8A01-54F2C6449B42}.Debug|Any CPU.Build.0 = Debug|Any CPU
		{C0E01D47-016A-4925-8A01-54F2C6449B42}.Release|Any CPU.ActiveCfg = Release|Any CPU
		{C0E01D47-016A-4925-8A01-54F2C6449B42}.Release|Any CPU.Build.0 = Release|Any CPU
	EndGlobalSection
	GlobalSection(SolutionProperties) = preSolution
		HideSolutionNode = FALSE
	EndGlobalSection
	GlobalSection(ExtensibilityGlobals) = postSolution
		SolutionGuid = {62FB136E-548B-493C-84C1-95A9C6D98289}
	EndGlobalSection
EndGlobal
