
Microsoft Visual Studio Solution File, Format Version 12.00
# Visual Studio Version 16
VisualStudioVersion = 16.0.31105.61
MinimumVisualStudioVersion = 10.0.40219.1
Project("{FAE04EC0-301F-11D3-BF4B-00C04F79EFBC}") = "project5", "project5\project5.csproj", "{A14DF0DE-261A-445D-9A5B-F0E54417F477}"
EndProject
Global
	GlobalSection(SolutionConfigurationPlatforms) = preSolution
		Debug|Any CPU = Debug|Any CPU
		Release|Any CPU = Release|Any CPU
	EndGlobalSection
	GlobalSection(ProjectConfigurationPlatforms) = postSolution
		{A14DF0DE-261A-445D-9A5B-F0E54417F477}.Debug|Any CPU.ActiveCfg = Debug|Any CPU
		{A14DF0DE-261A-445D-9A5B-F0E54417F477}.Debug|Any CPU.Build.0 = Debug|Any CPU
		{A14DF0DE-261A-445D-9A5B-F0E54417F477}.Release|Any CPU.ActiveCfg = Release|Any CPU
		{A14DF0DE-261A-445D-9A5B-F0E54417F477}.Release|Any CPU.Build.0 = Release|Any CPU
	EndGlobalSection
	GlobalSection(SolutionProperties) = preSolution
		HideSolutionNode = FALSE
	EndGlobalSection
	GlobalSection(ExtensibilityGlobals) = postSolution
		SolutionGuid = {3951AA0C-5DD3-423C-B877-973151961D72}
	EndGlobalSection
EndGlobal
