
Microsoft Visual Studio Solution File, Format Version 12.00
# Visual Studio Version 16
VisualStudioVersion = 16.0.31105.61
MinimumVisualStudioVersion = 10.0.40219.1
Project("{FAE04EC0-301F-11D3-BF4B-00C04F79EFBC}") = "project15-delegate", "project15-delegate\project15-delegate.csproj", "{33AD3582-1BF2-493A-8FC3-0783B9106B75}"
EndProject
Global
	GlobalSection(SolutionConfigurationPlatforms) = preSolution
		Debug|Any CPU = Debug|Any CPU
		Release|Any CPU = Release|Any CPU
	EndGlobalSection
	GlobalSection(ProjectConfigurationPlatforms) = postSolution
		{33AD3582-1BF2-493A-8FC3-0783B9106B75}.Debug|Any CPU.ActiveCfg = Debug|Any CPU
		{33AD3582-1BF2-493A-8FC3-0783B9106B75}.Debug|Any CPU.Build.0 = Debug|Any CPU
		{33AD3582-1BF2-493A-8FC3-0783B9106B75}.Release|Any CPU.ActiveCfg = Release|Any CPU
		{33AD3582-1BF2-493A-8FC3-0783B9106B75}.Release|Any CPU.Build.0 = Release|Any CPU
	EndGlobalSection
	GlobalSection(SolutionProperties) = preSolution
		HideSolutionNode = FALSE
	EndGlobalSection
	GlobalSection(ExtensibilityGlobals) = postSolution
		SolutionGuid = {CF8EB774-A4AE-422B-AAA0-359BFD6AAB61}
	EndGlobalSection
EndGlobal
